
Microsoft Visual Studio Solution File, Format Version 12.00
# Visual Studio Version 16
VisualStudioVersion = 16.0.29509.3
MinimumVisualStudioVersion = 10.0.40219.1
Project("{2150E333-8FDC-42A3-9474-1A3956D46DE8}") = "Infrastructure", "Infrastructure", "{1EB1A5DB-72A8-4539-ACE7-4338B450C18F}"
EndProject
Project("{FAE04EC0-301F-11D3-BF4B-00C04F79EFBC}") = "DotrA_Lab", "Infrastructure\DotrA_Lab\DotrA_Lab.csproj", "{435B560D-A1BB-4D84-B489-7F7E505EDB80}"
EndProject
Project("{FAE04EC0-301F-11D3-BF4B-00C04F79EFBC}") = "DotrA", "DotrA\DotrA.csproj", "{0D1BB6D4-D00C-4467-A1C9-DA9494AFB276}"
EndProject
Global
	GlobalSection(SolutionConfigurationPlatforms) = preSolution
		Debug|Any CPU = Debug|Any CPU
		Release|Any CPU = Release|Any CPU
	EndGlobalSection
	GlobalSection(ProjectConfigurationPlatforms) = postSolution
		{435B560D-A1BB-4D84-B489-7F7E505EDB80}.Debug|Any CPU.ActiveCfg = Debug|Any CPU
		{435B560D-A1BB-4D84-B489-7F7E505EDB80}.Debug|Any CPU.Build.0 = Debug|Any CPU
		{435B560D-A1BB-4D84-B489-7F7E505EDB80}.Release|Any CPU.ActiveCfg = Release|Any CPU
		{435B560D-A1BB-4D84-B489-7F7E505EDB80}.Release|Any CPU.Build.0 = Release|Any CPU
		{0D1BB6D4-D00C-4467-A1C9-DA9494AFB276}.Debug|Any CPU.ActiveCfg = Debug|Any CPU
		{0D1BB6D4-D00C-4467-A1C9-DA9494AFB276}.Debug|Any CPU.Build.0 = Debug|Any CPU
		{0D1BB6D4-D00C-4467-A1C9-DA9494AFB276}.Release|Any CPU.ActiveCfg = Release|Any CPU
		{0D1BB6D4-D00C-4467-A1C9-DA9494AFB276}.Release|Any CPU.Build.0 = Release|Any CPU
	EndGlobalSection
	GlobalSection(SolutionProperties) = preSolution
		HideSolutionNode = FALSE
	EndGlobalSection
	GlobalSection(NestedProjects) = preSolution
		{435B560D-A1BB-4D84-B489-7F7E505EDB80} = {1EB1A5DB-72A8-4539-ACE7-4338B450C18F}
	EndGlobalSection
	GlobalSection(ExtensibilityGlobals) = postSolution
		SolutionGuid = {3F858709-2A4A-4813-BD9F-F1BBC3B39D19}
	EndGlobalSection
EndGlobal
